// !$*UTF8*$!
{
	archiveVersion = 1;
	classes = {
	};
	objectVersion = 46;
	objects = {

/* Begin PBXBuildFile section */
		D0FC85991815AA8D005879BE /* Foundation.framework in Frameworks */ = {isa = PBXBuildFile; fileRef = D0FC85981815AA8D005879BE /* Foundation.framework */; };
		D0FC859B1815AA8D005879BE /* CoreGraphics.framework in Frameworks */ = {isa = PBXBuildFile; fileRef = D0FC859A1815AA8D005879BE /* CoreGraphics.framework */; };
		D0FC859D1815AA8D005879BE /* UIKit.framework in Frameworks */ = {isa = PBXBuildFile; fileRef = D0FC859C1815AA8D005879BE /* UIKit.framework */; };
		D0FC85A31815AA8D005879BE /* InfoPlist.strings in Resources */ = {isa = PBXBuildFile; fileRef = D0FC85A11815AA8D005879BE /* InfoPlist.strings */; };
		D0FC85A51815AA8D005879BE /* main.m in Sources */ = {isa = PBXBuildFile; fileRef = D0FC85A41815AA8D005879BE /* main.m */; };
		D0FC85A91815AA8D005879BE /* EPSAppDelegate.m in Sources */ = {isa = PBXBuildFile; fileRef = D0FC85A81815AA8D005879BE /* EPSAppDelegate.m */; };
		D0FC85AB1815AA8D005879BE /* Images.xcassets in Resources */ = {isa = PBXBuildFile; fileRef = D0FC85AA1815AA8D005879BE /* Images.xcassets */; };
		D0FC85B21815AA8D005879BE /* XCTest.framework in Frameworks */ = {isa = PBXBuildFile; fileRef = D0FC85B11815AA8D005879BE /* XCTest.framework */; };
		D0FC85B31815AA8D005879BE /* Foundation.framework in Frameworks */ = {isa = PBXBuildFile; fileRef = D0FC85981815AA8D005879BE /* Foundation.framework */; };
		D0FC85B41815AA8D005879BE /* UIKit.framework in Frameworks */ = {isa = PBXBuildFile; fileRef = D0FC859C1815AA8D005879BE /* UIKit.framework */; };
		D0FC85BC1815AA8D005879BE /* InfoPlist.strings in Resources */ = {isa = PBXBuildFile; fileRef = D0FC85BA1815AA8D005879BE /* InfoPlist.strings */; };
		D0FC85BE1815AA8D005879BE /* EPSStaticTableViewControllerTests.m in Sources */ = {isa = PBXBuildFile; fileRef = D0FC85BD1815AA8D005879BE /* EPSStaticTableViewControllerTests.m */; };
/* End PBXBuildFile section */

/* Begin PBXContainerItemProxy section */
		D0FC85B51815AA8D005879BE /* PBXContainerItemProxy */ = {
			isa = PBXContainerItemProxy;
			containerPortal = D0FC858D1815AA8D005879BE /* Project object */;
			proxyType = 1;
			remoteGlobalIDString = D0FC85941815AA8D005879BE;
			remoteInfo = EPSStaticTableViewController;
		};
/* End PBXContainerItemProxy section */

/* Begin PBXFileReference section */
		D0FC85951815AA8D005879BE /* EPSStaticTableViewController.app */ = {isa = PBXFileReference; explicitFileType = wrapper.application; includeInIndex = 0; path = EPSStaticTableViewController.app; sourceTree = BUILT_PRODUCTS_DIR; };
		D0FC85981815AA8D005879BE /* Foundation.framework */ = {isa = PBXFileReference; lastKnownFileType = wrapper.framework; name = Foundation.framework; path = System/Library/Frameworks/Foundation.framework; sourceTree = SDKROOT; };
		D0FC859A1815AA8D005879BE /* CoreGraphics.framework */ = {isa = PBXFileReference; lastKnownFileType = wrapper.framework; name = CoreGraphics.framework; path = System/Library/Frameworks/CoreGraphics.framework; sourceTree = SDKROOT; };
		D0FC859C1815AA8D005879BE /* UIKit.framework */ = {isa = PBXFileReference; lastKnownFileType = wrapper.framework; name = UIKit.framework; path = System/Library/Frameworks/UIKit.framework; sourceTree = SDKROOT; };
		D0FC85A01815AA8D005879BE /* EPSStaticTableViewController-Info.plist */ = {isa = PBXFileReference; lastKnownFileType = text.plist.xml; path = "EPSStaticTableViewController-Info.plist"; sourceTree = "<group>"; };
		D0FC85A21815AA8D005879BE /* en */ = {isa = PBXFileReference; lastKnownFileType = text.plist.strings; name = en; path = en.lproj/InfoPlist.strings; sourceTree = "<group>"; };
		D0FC85A41815AA8D005879BE /* main.m */ = {isa = PBXFileReference; lastKnownFileType = sourcecode.c.objc; path = main.m; sourceTree = "<group>"; };
		D0FC85A61815AA8D005879BE /* EPSStaticTableViewController-Prefix.pch */ = {isa = PBXFileReference; lastKnownFileType = sourcecode.c.h; path = "EPSStaticTableViewController-Prefix.pch"; sourceTree = "<group>"; };
		D0FC85A71815AA8D005879BE /* EPSAppDelegate.h */ = {isa = PBXFileReference; lastKnownFileType = sourcecode.c.h; path = EPSAppDelegate.h; sourceTree = "<group>"; };
		D0FC85A81815AA8D005879BE /* EPSAppDelegate.m */ = {isa = PBXFileReference; lastKnownFileType = sourcecode.c.objc; path = EPSAppDelegate.m; sourceTree = "<group>"; };
		D0FC85AA1815AA8D005879BE /* Images.xcassets */ = {isa = PBXFileReference; lastKnownFileType = folder.assetcatalog; path = Images.xcassets; sourceTree = "<group>"; };
		D0FC85B01815AA8D005879BE /* EPSStaticTableViewControllerTests.xctest */ = {isa = PBXFileReference; explicitFileType = wrapper.cfbundle; includeInIndex = 0; path = EPSStaticTableViewControllerTests.xctest; sourceTree = BUILT_PRODUCTS_DIR; };
		D0FC85B11815AA8D005879BE /* XCTest.framework */ = {isa = PBXFileReference; lastKnownFileType = wrapper.framework; name = XCTest.framework; path = Library/Frameworks/XCTest.framework; sourceTree = DEVELOPER_DIR; };
		D0FC85B91815AA8D005879BE /* EPSStaticTableViewControllerTests-Info.plist */ = {isa = PBXFileReference; lastKnownFileType = text.plist.xml; path = "EPSStaticTableViewControllerTests-Info.plist"; sourceTree = "<group>"; };
		D0FC85BB1815AA8D005879BE /* en */ = {isa = PBXFileReference; lastKnownFileType = text.plist.strings; name = en; path = en.lproj/InfoPlist.strings; sourceTree = "<group>"; };
		D0FC85BD1815AA8D005879BE /* EPSStaticTableViewControllerTests.m */ = {isa = PBXFileReference; lastKnownFileType = sourcecode.c.objc; path = EPSStaticTableViewControllerTests.m; sourceTree = "<group>"; };
/* End PBXFileReference section */

/* Begin PBXFrameworksBuildPhase section */
		D0FC85921815AA8D005879BE /* Frameworks */ = {
			isa = PBXFrameworksBuildPhase;
			buildActionMask = 2147483647;
			files = (
				D0FC859B1815AA8D005879BE /* CoreGraphics.framework in Frameworks */,
				D0FC859D1815AA8D005879BE /* UIKit.framework in Frameworks */,
				D0FC85991815AA8D005879BE /* Foundation.framework in Frameworks */,
			);
			runOnlyForDeploymentPostprocessing = 0;
		};
		D0FC85AD1815AA8D005879BE /* Frameworks */ = {
			isa = PBXFrameworksBuildPhase;
			buildActionMask = 2147483647;
			files = (
				D0FC85B21815AA8D005879BE /* XCTest.framework in Frameworks */,
				D0FC85B41815AA8D005879BE /* UIKit.framework in Frameworks */,
				D0FC85B31815AA8D005879BE /* Foundation.framework in Frameworks */,
			);
			runOnlyForDeploymentPostprocessing = 0;
		};
/* End PBXFrameworksBuildPhase section */

/* Begin PBXGroup section */
		D0FC858C1815AA8D005879BE = {
			isa = PBXGroup;
			children = (
				D0FC859E1815AA8D005879BE /* EPSStaticTableViewController */,
				D0FC85B71815AA8D005879BE /* EPSStaticTableViewControllerTests */,
				D0FC85971815AA8D005879BE /* Frameworks */,
				D0FC85961815AA8D005879BE /* Products */,
			);
			sourceTree = "<group>";
		};
		D0FC85961815AA8D005879BE /* Products */ = {
			isa = PBXGroup;
			children = (
				D0FC85951815AA8D005879BE /* EPSStaticTableViewController.app */,
				D0FC85B01815AA8D005879BE /* EPSStaticTableViewControllerTests.xctest */,
			);
			name = Products;
			sourceTree = "<group>";
		};
		D0FC85971815AA8D005879BE /* Frameworks */ = {
			isa = PBXGroup;
			children = (
				D0FC85981815AA8D005879BE /* Foundation.framework */,
				D0FC859A1815AA8D005879BE /* CoreGraphics.framework */,
				D0FC859C1815AA8D005879BE /* UIKit.framework */,
				D0FC85B11815AA8D005879BE /* XCTest.framework */,
			);
			name = Frameworks;
			sourceTree = "<group>";
		};
		D0FC859E1815AA8D005879BE /* EPSStaticTableViewController */ = {
			isa = PBXGroup;
			children = (
				D0FC85A71815AA8D005879BE /* EPSAppDelegate.h */,
				D0FC85A81815AA8D005879BE /* EPSAppDelegate.m */,
				D0FC85AA1815AA8D005879BE /* Images.xcassets */,
				D0FC859F1815AA8D005879BE /* Supporting Files */,
			);
			path = EPSStaticTableViewController;
			sourceTree = "<group>";
		};
		D0FC859F1815AA8D005879BE /* Supporting Files */ = {
			isa = PBXGroup;
			children = (
				D0FC85A01815AA8D005879BE /* EPSStaticTableViewController-Info.plist */,
				D0FC85A11815AA8D005879BE /* InfoPlist.strings */,
				D0FC85A41815AA8D005879BE /* main.m */,
				D0FC85A61815AA8D005879BE /* EPSStaticTableViewController-Prefix.pch */,
			);
			name = "Supporting Files";
			sourceTree = "<group>";
		};
		D0FC85B71815AA8D005879BE /* EPSStaticTableViewControllerTests */ = {
			isa = PBXGroup;
			children = (
				D0FC85BD1815AA8D005879BE /* EPSStaticTableViewControllerTests.m */,
				D0FC85B81815AA8D005879BE /* Supporting Files */,
			);
			path = EPSStaticTableViewControllerTests;
			sourceTree = "<group>";
		};
		D0FC85B81815AA8D005879BE /* Supporting Files */ = {
			isa = PBXGroup;
			children = (
				D0FC85B91815AA8D005879BE /* EPSStaticTableViewControllerTests-Info.plist */,
				D0FC85BA1815AA8D005879BE /* InfoPlist.strings */,
			);
			name = "Supporting Files";
			sourceTree = "<group>";
		};
/* End PBXGroup section */

/* Begin PBXNativeTarget section */
		D0FC85941815AA8D005879BE /* EPSStaticTableViewController */ = {
			isa = PBXNativeTarget;
			buildConfigurationList = D0FC85C11815AA8D005879BE /* Build configuration list for PBXNativeTarget "EPSStaticTableViewController" */;
			buildPhases = (
				D0FC85911815AA8D005879BE /* Sources */,
				D0FC85921815AA8D005879BE /* Frameworks */,
				D0FC85931815AA8D005879BE /* Resources */,
			);
			buildRules = (
			);
			dependencies = (
			);
			name = EPSStaticTableViewController;
			productName = EPSStaticTableViewController;
			productReference = D0FC85951815AA8D005879BE /* EPSStaticTableViewController.app */;
			productType = "com.apple.product-type.application";
		};
		D0FC85AF1815AA8D005879BE /* EPSStaticTableViewControllerTests */ = {
			isa = PBXNativeTarget;
			buildConfigurationList = D0FC85C41815AA8D005879BE /* Build configuration list for PBXNativeTarget "EPSStaticTableViewControllerTests" */;
			buildPhases = (
				D0FC85AC1815AA8D005879BE /* Sources */,
				D0FC85AD1815AA8D005879BE /* Frameworks */,
				D0FC85AE1815AA8D005879BE /* Resources */,
			);
			buildRules = (
			);
			dependencies = (
				D0FC85B61815AA8D005879BE /* PBXTargetDependency */,
			);
			name = EPSStaticTableViewControllerTests;
			productName = EPSStaticTableViewControllerTests;
			productReference = D0FC85B01815AA8D005879BE /* EPSStaticTableViewControllerTests.xctest */;
			productType = "com.apple.product-type.bundle.unit-test";
		};
/* End PBXNativeTarget section */

/* Begin PBXProject section */
		D0FC858D1815AA8D005879BE /* Project object */ = {
			isa = PBXProject;
			attributes = {
				CLASSPREFIX = EPS;
				LastUpgradeCheck = 0500;
				ORGANIZATIONNAME = "Electric Peel, LLC";
				TargetAttributes = {
					D0FC85AF1815AA8D005879BE = {
						TestTargetID = D0FC85941815AA8D005879BE;
					};
				};
			};
			buildConfigurationList = D0FC85901815AA8D005879BE /* Build configuration list for PBXProject "EPSStaticTableViewController" */;
			compatibilityVersion = "Xcode 3.2";
			developmentRegion = English;
			hasScannedForEncodings = 0;
			knownRegions = (
				en,
			);
			mainGroup = D0FC858C1815AA8D005879BE;
			productRefGroup = D0FC85961815AA8D005879BE /* Products */;
			projectDirPath = "";
			projectRoot = "";
			targets = (
				D0FC85941815AA8D005879BE /* EPSStaticTableViewController */,
				D0FC85AF1815AA8D005879BE /* EPSStaticTableViewControllerTests */,
			);
		};
/* End PBXProject section */

/* Begin PBXResourcesBuildPhase section */
		D0FC85931815AA8D005879BE /* Resources */ = {
			isa = PBXResourcesBuildPhase;
			buildActionMask = 2147483647;
			files = (
				D0FC85A31815AA8D005879BE /* InfoPlist.strings in Resources */,
				D0FC85AB1815AA8D005879BE /* Images.xcassets in Resources */,
			);
			runOnlyForDeploymentPostprocessing = 0;
		};
		D0FC85AE1815AA8D005879BE /* Resources */ = {
			isa = PBXResourcesBuildPhase;
			buildActionMask = 2147483647;
			files = (
				D0FC85BC1815AA8D005879BE /* InfoPlist.strings in Resources */,
			);
			runOnlyForDeploymentPostprocessing = 0;
		};
/* End PBXResourcesBuildPhase section */

/* Begin PBXSourcesBuildPhase section */
		D0FC85911815AA8D005879BE /* Sources */ = {
			isa = PBXSourcesBuildPhase;
			buildActionMask = 2147483647;
			files = (
				D0FC85A51815AA8D005879BE /* main.m in Sources */,
				D0FC85A91815AA8D005879BE /* EPSAppDelegate.m in Sources */,
			);
			runOnlyForDeploymentPostprocessing = 0;
		};
		D0FC85AC1815AA8D005879BE /* Sources */ = {
			isa = PBXSourcesBuildPhase;
			buildActionMask = 2147483647;
			files = (
				D0FC85BE1815AA8D005879BE /* EPSStaticTableViewControllerTests.m in Sources */,
			);
			runOnlyForDeploymentPostprocessing = 0;
		};
/* End PBXSourcesBuildPhase section */

/* Begin PBXTargetDependency section */
		D0FC85B61815AA8D005879BE /* PBXTargetDependency */ = {
			isa = PBXTargetDependency;
			target = D0FC85941815AA8D005879BE /* EPSStaticTableViewController */;
			targetProxy = D0FC85B51815AA8D005879BE /* PBXContainerItemProxy */;
		};
/* End PBXTargetDependency section */

/* Begin PBXVariantGroup section */
		D0FC85A11815AA8D005879BE /* InfoPlist.strings */ = {
			isa = PBXVariantGroup;
			children = (
				D0FC85A21815AA8D005879BE /* en */,
			);
			name = InfoPlist.strings;
			sourceTree = "<group>";
		};
		D0FC85BA1815AA8D005879BE /* InfoPlist.strings */ = {
			isa = PBXVariantGroup;
			children = (
				D0FC85BB1815AA8D005879BE /* en */,
			);
			name = InfoPlist.strings;
			sourceTree = "<group>";
		};
/* End PBXVariantGroup section */

/* Begin XCBuildConfiguration section */
		D0FC85BF1815AA8D005879BE /* Debug */ = {
			isa = XCBuildConfiguration;
			buildSettings = {
				ALWAYS_SEARCH_USER_PATHS = NO;
				ARCHS = "$(ARCHS_STANDARD_INCLUDING_64_BIT)";
				CLANG_CXX_LANGUAGE_STANDARD = "gnu++0x";
				CLANG_CXX_LIBRARY = "libc++";
				CLANG_ENABLE_MODULES = YES;
				CLANG_ENABLE_OBJC_ARC = YES;
				CLANG_WARN_BOOL_CONVERSION = YES;
				CLANG_WARN_CONSTANT_CONVERSION = YES;
				CLANG_WARN_DIRECT_OBJC_ISA_USAGE = YES_ERROR;
				CLANG_WARN_EMPTY_BODY = YES;
				CLANG_WARN_ENUM_CONVERSION = YES;
				CLANG_WARN_INT_CONVERSION = YES;
				CLANG_WARN_OBJC_ROOT_CLASS = YES_ERROR;
				CLANG_WARN__DUPLICATE_METHOD_MATCH = YES;
				"CODE_SIGN_IDENTITY[sdk=iphoneos*]" = "iPhone Developer";
				COPY_PHASE_STRIP = NO;
				GCC_C_LANGUAGE_STANDARD = gnu99;
				GCC_DYNAMIC_NO_PIC = NO;
				GCC_OPTIMIZATION_LEVEL = 0;
				GCC_PREPROCESSOR_DEFINITIONS = (
					"DEBUG=1",
					"$(inherited)",
				);
				GCC_SYMBOLS_PRIVATE_EXTERN = NO;
				GCC_WARN_64_TO_32_BIT_CONVERSION = YES;
				GCC_WARN_ABOUT_RETURN_TYPE = YES_ERROR;
				GCC_WARN_UNDECLARED_SELECTOR = YES;
				GCC_WARN_UNINITIALIZED_AUTOS = YES;
				GCC_WARN_UNUSED_FUNCTION = YES;
				GCC_WARN_UNUSED_VARIABLE = YES;
				IPHONEOS_DEPLOYMENT_TARGET = 7.0;
				ONLY_ACTIVE_ARCH = YES;
				SDKROOT = iphoneos;
				TARGETED_DEVICE_FAMILY = "1,2";
			};
			name = Debug;
		};
		D0FC85C01815AA8D005879BE /* Release */ = {
			isa = XCBuildConfiguration;
			buildSettings = {
				ALWAYS_SEARCH_USER_PATHS = NO;
				ARCHS = "$(ARCHS_STANDARD_INCLUDING_64_BIT)";
				CLANG_CXX_LANGUAGE_STANDARD = "gnu++0x";
				CLANG_CXX_LIBRARY = "libc++";
				CLANG_ENABLE_MODULES = YES;
				CLANG_ENABLE_OBJC_ARC = YES;
				CLANG_WARN_BOOL_CONVERSION = YES;
				CLANG_WARN_CONSTANT_CONVERSION = YES;
				CLANG_WARN_DIRECT_OBJC_ISA_USAGE = YES_ERROR;
				CLANG_WARN_EMPTY_BODY = YES;
				CLANG_WARN_ENUM_CONVERSION = YES;
				CLANG_WARN_INT_CONVERSION = YES;
				CLANG_WARN_OBJC_ROOT_CLASS = YES_ERROR;
				CLANG_WARN__DUPLICATE_METHOD_MATCH = YES;
				"CODE_SIGN_IDENTITY[sdk=iphoneos*]" = "iPhone Developer";
				COPY_PHASE_STRIP = YES;
				ENABLE_NS_ASSERTIONS = NO;
				GCC_C_LANGUAGE_STANDARD = gnu99;
				GCC_WARN_64_TO_32_BIT_CONVERSION = YES;
				GCC_WARN_ABOUT_RETURN_TYPE = YES_ERROR;
				GCC_WARN_UNDECLARED_SELECTOR = YES;
				GCC_WARN_UNINITIALIZED_AUTOS = YES;
				GCC_WARN_UNUSED_FUNCTION = YES;
				GCC_WARN_UNUSED_VARIABLE = YES;
				IPHONEOS_DEPLOYMENT_TARGET = 7.0;
				SDKROOT = iphoneos;
				TARGETED_DEVICE_FAMILY = "1,2";
				VALIDATE_PRODUCT = YES;
			};
			name = Release;
		};
		D0FC85C21815AA8D005879BE /* Debug */ = {
			isa = XCBuildConfiguration;
			buildSettings = {
				ASSETCATALOG_COMPILER_APPICON_NAME = AppIcon;
				ASSETCATALOG_COMPILER_LAUNCHIMAGE_NAME = LaunchImage;
				GCC_PRECOMPILE_PREFIX_HEADER = YES;
				GCC_PREFIX_HEADER = "EPSStaticTableViewController/EPSStaticTableViewController-Prefix.pch";
				INFOPLIST_FILE = "EPSStaticTableViewController/EPSStaticTableViewController-Info.plist";
				PRODUCT_NAME = "$(TARGET_NAME)";
				WRAPPER_EXTENSION = app;
			};
			name = Debug;
		};
		D0FC85C31815AA8D005879BE /* Release */ = {
			isa = XCBuildConfiguration;
			buildSettings = {
				ASSETCATALOG_COMPILER_APPICON_NAME = AppIcon;
				ASSETCATALOG_COMPILER_LAUNCHIMAGE_NAME = LaunchImage;
				GCC_PRECOMPILE_PREFIX_HEADER = YES;
				GCC_PREFIX_HEADER = "EPSStaticTableViewController/EPSStaticTableViewController-Prefix.pch";
				INFOPLIST_FILE = "EPSStaticTableViewController/EPSStaticTableViewController-Info.plist";
				PRODUCT_NAME = "$(TARGET_NAME)";
				WRAPPER_EXTENSION = app;
			};
			name = Release;
		};
		D0FC85C51815AA8D005879BE /* Debug */ = {
			isa = XCBuildConfiguration;
			buildSettings = {
				ARCHS = "$(ARCHS_STANDARD_INCLUDING_64_BIT)";
				BUNDLE_LOADER = "$(BUILT_PRODUCTS_DIR)/EPSStaticTableViewController.app/EPSStaticTableViewController";
				FRAMEWORK_SEARCH_PATHS = (
					"$(SDKROOT)/Developer/Library/Frameworks",
					"$(inherited)",
					"$(DEVELOPER_FRAMEWORKS_DIR)",
				);
				GCC_PRECOMPILE_PREFIX_HEADER = YES;
				GCC_PREFIX_HEADER = "EPSStaticTableViewController/EPSStaticTableViewController-Prefix.pch";
				GCC_PREPROCESSOR_DEFINITIONS = (
					"DEBUG=1",
					"$(inherited)",
				);
				INFOPLIST_FILE = "EPSStaticTableViewControllerTests/EPSStaticTableViewControllerTests-Info.plist";
				PRODUCT_NAME = "$(TARGET_NAME)";
				TEST_HOST = "$(BUNDLE_LOADER)";
				WRAPPER_EXTENSION = xctest;
			};
			name = Debug;
		};
		D0FC85C61815AA8D005879BE /* Release */ = {
			isa = XCBuildConfiguration;
			buildSettings = {
				ARCHS = "$(ARCHS_STANDARD_INCLUDING_64_BIT)";
				BUNDLE_LOADER = "$(BUILT_PRODUCTS_DIR)/EPSStaticTableViewController.app/EPSStaticTableViewController";
				FRAMEWORK_SEARCH_PATHS = (
					"$(SDKROOT)/Developer/Library/Frameworks",
					"$(inherited)",
					"$(DEVELOPER_FRAMEWORKS_DIR)",
				);
				GCC_PRECOMPILE_PREFIX_HEADER = YES;
				GCC_PREFIX_HEADER = "EPSStaticTableViewController/EPSStaticTableViewController-Prefix.pch";
				INFOPLIST_FILE = "EPSStaticTableViewControllerTests/EPSStaticTableViewControllerTests-Info.plist";
				PRODUCT_NAME = "$(TARGET_NAME)";
				TEST_HOST = "$(BUNDLE_LOADER)";
				WRAPPER_EXTENSION = xctest;
			};
			name = Release;
		};
/* End XCBuildConfiguration section */

/* Begin XCConfigurationList section */
		D0FC85901815AA8D005879BE /* Build configuration list for PBXProject "EPSStaticTableViewController" */ = {
			isa = XCConfigurationList;
			buildConfigurations = (
				D0FC85BF1815AA8D005879BE /* Debug */,
				D0FC85C01815AA8D005879BE /* Release */,
			);
			defaultConfigurationIsVisible = 0;
			defaultConfigurationName = Release;
		};
		D0FC85C11815AA8D005879BE /* Build configuration list for PBXNativeTarget "EPSStaticTableViewController" */ = {
			isa = XCConfigurationList;
			buildConfigurations = (
				D0FC85C21815AA8D005879BE /* Debug */,
				D0FC85C31815AA8D005879BE /* Release */,
			);
			defaultConfigurationIsVisible = 0;
		};
		D0FC85C41815AA8D005879BE /* Build configuration list for PBXNativeTarget "EPSStaticTableViewControllerTests" */ = {
			isa = XCConfigurationList;
			buildConfigurations = (
				D0FC85C51815AA8D005879BE /* Debug */,
				D0FC85C61815AA8D005879BE /* Release */,
			);
			defaultConfigurationIsVisible = 0;
		};
/* End XCConfigurationList section */
	};
	rootObject = D0FC858D1815AA8D005879BE /* Project object */;
}
