// !$*UTF8*$!
{
	archiveVersion = 1;
	classes = {
	};
	objectVersion = 46;
	objects = {

/* Begin PBXBuildFile section */
		158141ED5C7240D985769181 /* libPods-Tests.a in Frameworks */ = {isa = PBXBuildFile; fileRef = 65C82573C82D4534B2BF9362 /* libPods-Tests.a */; };
		3AFAC0344A434D0A93B6A701 /* libPods-StaticTableViewExample.a in Frameworks */ = {isa = PBXBuildFile; fileRef = FB68E0ADE9624916A19C6195 /* libPods-StaticTableViewExample.a */; };
		D04421FF19658BE7005FD4FB /* XCTest.framework in Frameworks */ = {isa = PBXBuildFile; fileRef = D0DA22711815AC710081399E /* XCTest.framework */; };
		D044220019658BE7005FD4FB /* Foundation.framework in Frameworks */ = {isa = PBXBuildFile; fileRef = D0DA22581815AC710081399E /* Foundation.framework */; };
		D044220119658BE7005FD4FB /* UIKit.framework in Frameworks */ = {isa = PBXBuildFile; fileRef = D0DA225C1815AC710081399E /* UIKit.framework */; };
		D044220719658BE7005FD4FB /* InfoPlist.strings in Resources */ = {isa = PBXBuildFile; fileRef = D044220519658BE7005FD4FB /* InfoPlist.strings */; };
		D044220919658BE7005FD4FB /* Tests.m in Sources */ = {isa = PBXBuildFile; fileRef = D044220819658BE7005FD4FB /* Tests.m */; };
		D044221219658C10005FD4FB /* EPSTestViewController.m in Sources */ = {isa = PBXBuildFile; fileRef = D044221119658C10005FD4FB /* EPSTestViewController.m */; };
		D0DA22591815AC710081399E /* Foundation.framework in Frameworks */ = {isa = PBXBuildFile; fileRef = D0DA22581815AC710081399E /* Foundation.framework */; };
		D0DA225B1815AC710081399E /* CoreGraphics.framework in Frameworks */ = {isa = PBXBuildFile; fileRef = D0DA225A1815AC710081399E /* CoreGraphics.framework */; };
		D0DA225D1815AC710081399E /* UIKit.framework in Frameworks */ = {isa = PBXBuildFile; fileRef = D0DA225C1815AC710081399E /* UIKit.framework */; };
		D0DA22631815AC710081399E /* InfoPlist.strings in Resources */ = {isa = PBXBuildFile; fileRef = D0DA22611815AC710081399E /* InfoPlist.strings */; };
		D0DA22651815AC710081399E /* main.m in Sources */ = {isa = PBXBuildFile; fileRef = D0DA22641815AC710081399E /* main.m */; };
		D0DA22691815AC710081399E /* EPSAppDelegate.m in Sources */ = {isa = PBXBuildFile; fileRef = D0DA22681815AC710081399E /* EPSAppDelegate.m */; };
		D0DA226B1815AC710081399E /* Images.xcassets in Resources */ = {isa = PBXBuildFile; fileRef = D0DA226A1815AC710081399E /* Images.xcassets */; };
		D0DA228C1815ACC60081399E /* EPSExampleViewController.m in Sources */ = {isa = PBXBuildFile; fileRef = D0DA228B1815ACC60081399E /* EPSExampleViewController.m */; };
/* End PBXBuildFile section */

/* Begin PBXContainerItemProxy section */
		D044220B19658BE7005FD4FB /* PBXContainerItemProxy */ = {
			isa = PBXContainerItemProxy;
			containerPortal = D0DA224D1815AC700081399E /* Project object */;
			proxyType = 1;
			remoteGlobalIDString = D0DA22541815AC710081399E;
			remoteInfo = StaticTableViewExample;
		};
/* End PBXContainerItemProxy section */

/* Begin PBXFileReference section */
		425F5297419249C998151AB9 /* Pods-Tests.xcconfig */ = {isa = PBXFileReference; includeInIndex = 1; lastKnownFileType = text.xcconfig; name = "Pods-Tests.xcconfig"; path = "Pods/Pods-Tests.xcconfig"; sourceTree = "<group>"; };
		65C82573C82D4534B2BF9362 /* libPods-Tests.a */ = {isa = PBXFileReference; explicitFileType = archive.ar; includeInIndex = 0; path = "libPods-Tests.a"; sourceTree = BUILT_PRODUCTS_DIR; };
		6FD4D983BF7449B2B102CC08 /* Pods-StaticTableViewExample.xcconfig */ = {isa = PBXFileReference; includeInIndex = 1; lastKnownFileType = text.xcconfig; name = "Pods-StaticTableViewExample.xcconfig"; path = "Pods/Pods-StaticTableViewExample.xcconfig"; sourceTree = "<group>"; };
		D04421FE19658BE7005FD4FB /* Tests.xctest */ = {isa = PBXFileReference; explicitFileType = wrapper.cfbundle; includeInIndex = 0; path = Tests.xctest; sourceTree = BUILT_PRODUCTS_DIR; };
		D044220419658BE7005FD4FB /* Tests-Info.plist */ = {isa = PBXFileReference; lastKnownFileType = text.plist.xml; path = "Tests-Info.plist"; sourceTree = "<group>"; };
		D044220619658BE7005FD4FB /* en */ = {isa = PBXFileReference; lastKnownFileType = text.plist.strings; name = en; path = en.lproj/InfoPlist.strings; sourceTree = "<group>"; };
		D044220819658BE7005FD4FB /* Tests.m */ = {isa = PBXFileReference; lastKnownFileType = sourcecode.c.objc; path = Tests.m; sourceTree = "<group>"; };
		D044220A19658BE7005FD4FB /* Tests-Prefix.pch */ = {isa = PBXFileReference; lastKnownFileType = sourcecode.c.h; path = "Tests-Prefix.pch"; sourceTree = "<group>"; };
		D044221019658C10005FD4FB /* EPSTestViewController.h */ = {isa = PBXFileReference; fileEncoding = 4; lastKnownFileType = sourcecode.c.h; path = EPSTestViewController.h; sourceTree = "<group>"; };
		D044221119658C10005FD4FB /* EPSTestViewController.m */ = {isa = PBXFileReference; fileEncoding = 4; lastKnownFileType = sourcecode.c.objc; path = EPSTestViewController.m; sourceTree = "<group>"; };
		D0DA22551815AC710081399E /* StaticTableViewExample.app */ = {isa = PBXFileReference; explicitFileType = wrapper.application; includeInIndex = 0; path = StaticTableViewExample.app; sourceTree = BUILT_PRODUCTS_DIR; };
		D0DA22581815AC710081399E /* Foundation.framework */ = {isa = PBXFileReference; lastKnownFileType = wrapper.framework; name = Foundation.framework; path = System/Library/Frameworks/Foundation.framework; sourceTree = SDKROOT; };
		D0DA225A1815AC710081399E /* CoreGraphics.framework */ = {isa = PBXFileReference; lastKnownFileType = wrapper.framework; name = CoreGraphics.framework; path = System/Library/Frameworks/CoreGraphics.framework; sourceTree = SDKROOT; };
		D0DA225C1815AC710081399E /* UIKit.framework */ = {isa = PBXFileReference; lastKnownFileType = wrapper.framework; name = UIKit.framework; path = System/Library/Frameworks/UIKit.framework; sourceTree = SDKROOT; };
		D0DA22601815AC710081399E /* StaticTableViewExample-Info.plist */ = {isa = PBXFileReference; lastKnownFileType = text.plist.xml; path = "StaticTableViewExample-Info.plist"; sourceTree = "<group>"; };
		D0DA22621815AC710081399E /* en */ = {isa = PBXFileReference; lastKnownFileType = text.plist.strings; name = en; path = en.lproj/InfoPlist.strings; sourceTree = "<group>"; };
		D0DA22641815AC710081399E /* main.m */ = {isa = PBXFileReference; lastKnownFileType = sourcecode.c.objc; path = main.m; sourceTree = "<group>"; };
		D0DA22661815AC710081399E /* StaticTableViewExample-Prefix.pch */ = {isa = PBXFileReference; lastKnownFileType = sourcecode.c.h; path = "StaticTableViewExample-Prefix.pch"; sourceTree = "<group>"; };
		D0DA22671815AC710081399E /* EPSAppDelegate.h */ = {isa = PBXFileReference; lastKnownFileType = sourcecode.c.h; path = EPSAppDelegate.h; sourceTree = "<group>"; };
		D0DA22681815AC710081399E /* EPSAppDelegate.m */ = {isa = PBXFileReference; lastKnownFileType = sourcecode.c.objc; path = EPSAppDelegate.m; sourceTree = "<group>"; };
		D0DA226A1815AC710081399E /* Images.xcassets */ = {isa = PBXFileReference; lastKnownFileType = folder.assetcatalog; path = Images.xcassets; sourceTree = "<group>"; };
		D0DA22711815AC710081399E /* XCTest.framework */ = {isa = PBXFileReference; lastKnownFileType = wrapper.framework; name = XCTest.framework; path = Library/Frameworks/XCTest.framework; sourceTree = DEVELOPER_DIR; };
		D0DA228A1815ACC60081399E /* EPSExampleViewController.h */ = {isa = PBXFileReference; fileEncoding = 4; lastKnownFileType = sourcecode.c.h; path = EPSExampleViewController.h; sourceTree = "<group>"; };
		D0DA228B1815ACC60081399E /* EPSExampleViewController.m */ = {isa = PBXFileReference; fileEncoding = 4; lastKnownFileType = sourcecode.c.objc; path = EPSExampleViewController.m; sourceTree = "<group>"; };
		FB68E0ADE9624916A19C6195 /* libPods-StaticTableViewExample.a */ = {isa = PBXFileReference; explicitFileType = archive.ar; includeInIndex = 0; path = "libPods-StaticTableViewExample.a"; sourceTree = BUILT_PRODUCTS_DIR; };
/* End PBXFileReference section */

/* Begin PBXFrameworksBuildPhase section */
		D04421FB19658BE7005FD4FB /* Frameworks */ = {
			isa = PBXFrameworksBuildPhase;
			buildActionMask = 2147483647;
			files = (
				D04421FF19658BE7005FD4FB /* XCTest.framework in Frameworks */,
				D044220119658BE7005FD4FB /* UIKit.framework in Frameworks */,
				D044220019658BE7005FD4FB /* Foundation.framework in Frameworks */,
				158141ED5C7240D985769181 /* libPods-Tests.a in Frameworks */,
			);
			runOnlyForDeploymentPostprocessing = 0;
		};
		D0DA22521815AC710081399E /* Frameworks */ = {
			isa = PBXFrameworksBuildPhase;
			buildActionMask = 2147483647;
			files = (
				D0DA225B1815AC710081399E /* CoreGraphics.framework in Frameworks */,
				D0DA225D1815AC710081399E /* UIKit.framework in Frameworks */,
				D0DA22591815AC710081399E /* Foundation.framework in Frameworks */,
				3AFAC0344A434D0A93B6A701 /* libPods-StaticTableViewExample.a in Frameworks */,
			);
			runOnlyForDeploymentPostprocessing = 0;
		};
/* End PBXFrameworksBuildPhase section */

/* Begin PBXGroup section */
		D044220219658BE7005FD4FB /* Tests */ = {
			isa = PBXGroup;
			children = (
				D044220819658BE7005FD4FB /* Tests.m */,
				D044221019658C10005FD4FB /* EPSTestViewController.h */,
				D044221119658C10005FD4FB /* EPSTestViewController.m */,
				D044220319658BE7005FD4FB /* Supporting Files */,
			);
			path = Tests;
			sourceTree = "<group>";
		};
		D044220319658BE7005FD4FB /* Supporting Files */ = {
			isa = PBXGroup;
			children = (
				D044220419658BE7005FD4FB /* Tests-Info.plist */,
				D044220519658BE7005FD4FB /* InfoPlist.strings */,
				D044220A19658BE7005FD4FB /* Tests-Prefix.pch */,
			);
			name = "Supporting Files";
			sourceTree = "<group>";
		};
		D0DA224C1815AC700081399E = {
			isa = PBXGroup;
			children = (
				D0DA225E1815AC710081399E /* StaticTableViewExample */,
				D044220219658BE7005FD4FB /* Tests */,
				D0DA22571815AC710081399E /* Frameworks */,
				D0DA22561815AC710081399E /* Products */,
				6FD4D983BF7449B2B102CC08 /* Pods-StaticTableViewExample.xcconfig */,
				425F5297419249C998151AB9 /* Pods-Tests.xcconfig */,
			);
			indentWidth = 4;
			sourceTree = "<group>";
			tabWidth = 4;
			usesTabs = 0;
		};
		D0DA22561815AC710081399E /* Products */ = {
			isa = PBXGroup;
			children = (
				D0DA22551815AC710081399E /* StaticTableViewExample.app */,
				D04421FE19658BE7005FD4FB /* Tests.xctest */,
			);
			name = Products;
			sourceTree = "<group>";
		};
		D0DA22571815AC710081399E /* Frameworks */ = {
			isa = PBXGroup;
			children = (
				D0DA22581815AC710081399E /* Foundation.framework */,
				D0DA225A1815AC710081399E /* CoreGraphics.framework */,
				D0DA225C1815AC710081399E /* UIKit.framework */,
				D0DA22711815AC710081399E /* XCTest.framework */,
				FB68E0ADE9624916A19C6195 /* libPods-StaticTableViewExample.a */,
				65C82573C82D4534B2BF9362 /* libPods-Tests.a */,
			);
			name = Frameworks;
			sourceTree = "<group>";
		};
		D0DA225E1815AC710081399E /* StaticTableViewExample */ = {
			isa = PBXGroup;
			children = (
				D0DA228A1815ACC60081399E /* EPSExampleViewController.h */,
				D0DA228B1815ACC60081399E /* EPSExampleViewController.m */,
				D0DA22671815AC710081399E /* EPSAppDelegate.h */,
				D0DA22681815AC710081399E /* EPSAppDelegate.m */,
				D0DA226A1815AC710081399E /* Images.xcassets */,
				D0DA225F1815AC710081399E /* Supporting Files */,
			);
			path = StaticTableViewExample;
			sourceTree = "<group>";
		};
		D0DA225F1815AC710081399E /* Supporting Files */ = {
			isa = PBXGroup;
			children = (
				D0DA22601815AC710081399E /* StaticTableViewExample-Info.plist */,
				D0DA22611815AC710081399E /* InfoPlist.strings */,
				D0DA22641815AC710081399E /* main.m */,
				D0DA22661815AC710081399E /* StaticTableViewExample-Prefix.pch */,
			);
			name = "Supporting Files";
			sourceTree = "<group>";
		};
/* End PBXGroup section */

/* Begin PBXNativeTarget section */
		D04421FD19658BE7005FD4FB /* Tests */ = {
			isa = PBXNativeTarget;
			buildConfigurationList = D044220D19658BE7005FD4FB /* Build configuration list for PBXNativeTarget "Tests" */;
			buildPhases = (
				29BDC54A6AD847EDBE336776 /* Check Pods Manifest.lock */,
				D04421FA19658BE7005FD4FB /* Sources */,
				D04421FB19658BE7005FD4FB /* Frameworks */,
				D04421FC19658BE7005FD4FB /* Resources */,
				FD6CA8B2659C4A3187F3B7A7 /* Copy Pods Resources */,
			);
			buildRules = (
			);
			dependencies = (
				D044220C19658BE7005FD4FB /* PBXTargetDependency */,
			);
			name = Tests;
			productName = Tests;
			productReference = D04421FE19658BE7005FD4FB /* Tests.xctest */;
			productType = "com.apple.product-type.bundle.unit-test";
		};
		D0DA22541815AC710081399E /* StaticTableViewExample */ = {
			isa = PBXNativeTarget;
			buildConfigurationList = D0DA22811815AC710081399E /* Build configuration list for PBXNativeTarget "StaticTableViewExample" */;
			buildPhases = (
				86A97DF1812847A2BE758D87 /* Check Pods Manifest.lock */,
				D0DA22511815AC710081399E /* Sources */,
				D0DA22521815AC710081399E /* Frameworks */,
				D0DA22531815AC710081399E /* Resources */,
				14F0C671545840E0B3FF5BD4 /* Warn for TODO and FIXME comments */,
				AC3AB6DB67D44B8CA6B7D6D6 /* Copy Pods Resources */,
			);
			buildRules = (
			);
			dependencies = (
			);
			name = StaticTableViewExample;
			productName = StaticTableViewExample;
			productReference = D0DA22551815AC710081399E /* StaticTableViewExample.app */;
			productType = "com.apple.product-type.application";
		};
/* End PBXNativeTarget section */

/* Begin PBXProject section */
		D0DA224D1815AC700081399E /* Project object */ = {
			isa = PBXProject;
			attributes = {
				CLASSPREFIX = EPS;
				LastUpgradeCheck = 0510;
				ORGANIZATIONNAME = "Electric Peel, LLC";
				TargetAttributes = {
					D04421FD19658BE7005FD4FB = {
						TestTargetID = D0DA22541815AC710081399E;
					};
				};
			};
			buildConfigurationList = D0DA22501815AC700081399E /* Build configuration list for PBXProject "StaticTableViewExample" */;
			compatibilityVersion = "Xcode 3.2";
			developmentRegion = English;
			hasScannedForEncodings = 0;
			knownRegions = (
				en,
			);
			mainGroup = D0DA224C1815AC700081399E;
			productRefGroup = D0DA22561815AC710081399E /* Products */;
			projectDirPath = "";
			projectRoot = "";
			targets = (
				D0DA22541815AC710081399E /* StaticTableViewExample */,
				D04421FD19658BE7005FD4FB /* Tests */,
			);
		};
/* End PBXProject section */

/* Begin PBXResourcesBuildPhase section */
		D04421FC19658BE7005FD4FB /* Resources */ = {
			isa = PBXResourcesBuildPhase;
			buildActionMask = 2147483647;
			files = (
				D044220719658BE7005FD4FB /* InfoPlist.strings in Resources */,
			);
			runOnlyForDeploymentPostprocessing = 0;
		};
		D0DA22531815AC710081399E /* Resources */ = {
			isa = PBXResourcesBuildPhase;
			buildActionMask = 2147483647;
			files = (
				D0DA22631815AC710081399E /* InfoPlist.strings in Resources */,
				D0DA226B1815AC710081399E /* Images.xcassets in Resources */,
			);
			runOnlyForDeploymentPostprocessing = 0;
		};
/* End PBXResourcesBuildPhase section */

/* Begin PBXShellScriptBuildPhase section */
		14F0C671545840E0B3FF5BD4 /* Warn for TODO and FIXME comments */ = {
			isa = PBXShellScriptBuildPhase;
			buildActionMask = 2147483647;
			files = (
			);
			inputPaths = (
			);
			name = "Warn for TODO and FIXME comments";
			outputPaths = (
			);
			runOnlyForDeploymentPostprocessing = 0;
			shellPath = /bin/sh;
			shellScript = "KEYWORDS=\"TODO:|FIXME:|\\?\\?\\?:|\\!\\!\\!:\"\nFILE_EXTENSIONS=\"h|m|mm|c|cpp\"\nfind -E \"${SRCROOT}\" -ipath \"${SRCROOT}/pods\" -prune -o \\( -regex \".*\\.($FILE_EXTENSIONS)$\" \\) -print0 | xargs -0 egrep --with-filename --line-number --only-matching \"($KEYWORDS).*\\$\" | perl -p -e \"s/($KEYWORDS)/ warning: \\$1/\"\n";
		};
		29BDC54A6AD847EDBE336776 /* Check Pods Manifest.lock */ = {
			isa = PBXShellScriptBuildPhase;
			buildActionMask = 2147483647;
			files = (
			);
			inputPaths = (
			);
			name = "Check Pods Manifest.lock";
			outputPaths = (
			);
			runOnlyForDeploymentPostprocessing = 0;
			shellPath = /bin/sh;
			shellScript = "diff \"${PODS_ROOT}/../Podfile.lock\" \"${PODS_ROOT}/Manifest.lock\" > /dev/null\nif [[ $? != 0 ]] ; then\n    cat << EOM\nerror: The sandbox is not in sync with the Podfile.lock. Run 'pod install' or update your CocoaPods installation.\nEOM\n    exit 1\nfi\n";
			showEnvVarsInLog = 0;
		};
		86A97DF1812847A2BE758D87 /* Check Pods Manifest.lock */ = {
			isa = PBXShellScriptBuildPhase;
			buildActionMask = 2147483647;
			files = (
			);
			inputPaths = (
			);
			name = "Check Pods Manifest.lock";
			outputPaths = (
			);
			runOnlyForDeploymentPostprocessing = 0;
			shellPath = /bin/sh;
			shellScript = "diff \"${PODS_ROOT}/../Podfile.lock\" \"${PODS_ROOT}/Manifest.lock\" > /dev/null\nif [[ $? != 0 ]] ; then\n    cat << EOM\nerror: The sandbox is not in sync with the Podfile.lock. Run 'pod install' or update your CocoaPods installation.\nEOM\n    exit 1\nfi\n";
			showEnvVarsInLog = 0;
		};
		AC3AB6DB67D44B8CA6B7D6D6 /* Copy Pods Resources */ = {
			isa = PBXShellScriptBuildPhase;
			buildActionMask = 2147483647;
			files = (
			);
			inputPaths = (
			);
			name = "Copy Pods Resources";
			outputPaths = (
			);
			runOnlyForDeploymentPostprocessing = 0;
			shellPath = /bin/sh;
			shellScript = "\"${SRCROOT}/Pods/Pods-StaticTableViewExample-resources.sh\"\n";
			showEnvVarsInLog = 0;
		};
		FD6CA8B2659C4A3187F3B7A7 /* Copy Pods Resources */ = {
			isa = PBXShellScriptBuildPhase;
			buildActionMask = 2147483647;
			files = (
			);
			inputPaths = (
			);
			name = "Copy Pods Resources";
			outputPaths = (
			);
			runOnlyForDeploymentPostprocessing = 0;
			shellPath = /bin/sh;
			shellScript = "\"${SRCROOT}/Pods/Pods-Tests-resources.sh\"\n";
			showEnvVarsInLog = 0;
		};
/* End PBXShellScriptBuildPhase section */

/* Begin PBXSourcesBuildPhase section */
		D04421FA19658BE7005FD4FB /* Sources */ = {
			isa = PBXSourcesBuildPhase;
			buildActionMask = 2147483647;
			files = (
				D044220919658BE7005FD4FB /* Tests.m in Sources */,
				D044221219658C10005FD4FB /* EPSTestViewController.m in Sources */,
			);
			runOnlyForDeploymentPostprocessing = 0;
		};
		D0DA22511815AC710081399E /* Sources */ = {
			isa = PBXSourcesBuildPhase;
			buildActionMask = 2147483647;
			files = (
				D0DA228C1815ACC60081399E /* EPSExampleViewController.m in Sources */,
				D0DA22651815AC710081399E /* main.m in Sources */,
				D0DA22691815AC710081399E /* EPSAppDelegate.m in Sources */,
			);
			runOnlyForDeploymentPostprocessing = 0;
		};
/* End PBXSourcesBuildPhase section */

/* Begin PBXTargetDependency section */
		D044220C19658BE7005FD4FB /* PBXTargetDependency */ = {
			isa = PBXTargetDependency;
			target = D0DA22541815AC710081399E /* StaticTableViewExample */;
			targetProxy = D044220B19658BE7005FD4FB /* PBXContainerItemProxy */;
		};
/* End PBXTargetDependency section */

/* Begin PBXVariantGroup section */
		D044220519658BE7005FD4FB /* InfoPlist.strings */ = {
			isa = PBXVariantGroup;
			children = (
				D044220619658BE7005FD4FB /* en */,
			);
			name = InfoPlist.strings;
			sourceTree = "<group>";
		};
		D0DA22611815AC710081399E /* InfoPlist.strings */ = {
			isa = PBXVariantGroup;
			children = (
				D0DA22621815AC710081399E /* en */,
			);
			name = InfoPlist.strings;
			sourceTree = "<group>";
		};
/* End PBXVariantGroup section */

/* Begin XCBuildConfiguration section */
		D044220E19658BE7005FD4FB /* Debug */ = {
			isa = XCBuildConfiguration;
			baseConfigurationReference = 425F5297419249C998151AB9 /* Pods-Tests.xcconfig */;
			buildSettings = {
				BUNDLE_LOADER = "$(BUILT_PRODUCTS_DIR)/StaticTableViewExample.app/StaticTableViewExample";
				FRAMEWORK_SEARCH_PATHS = (
					"$(SDKROOT)/Developer/Library/Frameworks",
					"$(inherited)",
					"$(DEVELOPER_FRAMEWORKS_DIR)",
				);
				GCC_PRECOMPILE_PREFIX_HEADER = YES;
				GCC_PREFIX_HEADER = "Tests/Tests-Prefix.pch";
				GCC_PREPROCESSOR_DEFINITIONS = (
					"DEBUG=1",
					"$(inherited)",
				);
				GCC_WARN_ABOUT_RETURN_TYPE = YES_ERROR;
				GCC_WARN_UNINITIALIZED_AUTOS = YES_AGGRESSIVE;
				INFOPLIST_FILE = "Tests/Tests-Info.plist";
				IPHONEOS_DEPLOYMENT_TARGET = 7.1;
				PRODUCT_NAME = "$(TARGET_NAME)";
				TEST_HOST = "$(BUNDLE_LOADER)";
				WRAPPER_EXTENSION = xctest;
			};
			name = Debug;
		};
		D044220F19658BE7005FD4FB /* Release */ = {
			isa = XCBuildConfiguration;
			baseConfigurationReference = 425F5297419249C998151AB9 /* Pods-Tests.xcconfig */;
			buildSettings = {
				BUNDLE_LOADER = "$(BUILT_PRODUCTS_DIR)/StaticTableViewExample.app/StaticTableViewExample";
				FRAMEWORK_SEARCH_PATHS = (
					"$(SDKROOT)/Developer/Library/Frameworks",
					"$(inherited)",
					"$(DEVELOPER_FRAMEWORKS_DIR)",
				);
				GCC_PRECOMPILE_PREFIX_HEADER = YES;
				GCC_PREFIX_HEADER = "Tests/Tests-Prefix.pch";
				GCC_WARN_ABOUT_RETURN_TYPE = YES_ERROR;
				GCC_WARN_UNINITIALIZED_AUTOS = YES_AGGRESSIVE;
				INFOPLIST_FILE = "Tests/Tests-Info.plist";
				IPHONEOS_DEPLOYMENT_TARGET = 7.1;
				PRODUCT_NAME = "$(TARGET_NAME)";
				TEST_HOST = "$(BUNDLE_LOADER)";
				WRAPPER_EXTENSION = xctest;
			};
			name = Release;
		};
		D0DA227F1815AC710081399E /* Debug */ = {
			isa = XCBuildConfiguration;
			buildSettings = {
				ALWAYS_SEARCH_USER_PATHS = NO;
				CLANG_CXX_LANGUAGE_STANDARD = "gnu++0x";
				CLANG_CXX_LIBRARY = "libc++";
				CLANG_ENABLE_MODULES = YES;
				CLANG_ENABLE_OBJC_ARC = YES;
				CLANG_WARN_BOOL_CONVERSION = YES;
				CLANG_WARN_CONSTANT_CONVERSION = YES;
				CLANG_WARN_DEPRECATED_OBJC_IMPLEMENTATIONS = YES;
				CLANG_WARN_DIRECT_OBJC_ISA_USAGE = YES_ERROR;
				CLANG_WARN_EMPTY_BODY = YES;
				CLANG_WARN_ENUM_CONVERSION = YES;
				CLANG_WARN_INT_CONVERSION = YES;
				CLANG_WARN_OBJC_IMPLICIT_RETAIN_SELF = YES;
				CLANG_WARN_OBJC_ROOT_CLASS = YES_ERROR;
				CLANG_WARN__DUPLICATE_METHOD_MATCH = YES;
				"CODE_SIGN_IDENTITY[sdk=iphoneos*]" = "iPhone Developer";
				COPY_PHASE_STRIP = NO;
				GCC_C_LANGUAGE_STANDARD = gnu99;
				GCC_DYNAMIC_NO_PIC = NO;
				GCC_OPTIMIZATION_LEVEL = 0;
				GCC_PREPROCESSOR_DEFINITIONS = (
					"DEBUG=1",
					"$(inherited)",
				);
				GCC_SYMBOLS_PRIVATE_EXTERN = NO;
				GCC_WARN_64_TO_32_BIT_CONVERSION = YES;
				GCC_WARN_ABOUT_MISSING_FIELD_INITIALIZERS = YES;
				GCC_WARN_ABOUT_MISSING_NEWLINE = YES;
				GCC_WARN_ABOUT_RETURN_TYPE = YES;
				GCC_WARN_CHECK_SWITCH_STATEMENTS = YES;
				GCC_WARN_INITIALIZER_NOT_FULLY_BRACKETED = YES;
				GCC_WARN_MISSING_PARENTHESES = YES;
				GCC_WARN_SHADOW = YES;
				GCC_WARN_SIGN_COMPARE = YES;
				GCC_WARN_TYPECHECK_CALLS_TO_PRINTF = YES;
				GCC_WARN_UNDECLARED_SELECTOR = YES;
				GCC_WARN_UNINITIALIZED_AUTOS = YES;
				GCC_WARN_UNUSED_FUNCTION = YES;
				GCC_WARN_UNUSED_LABEL = YES;
				GCC_WARN_UNUSED_VALUE = YES;
				GCC_WARN_UNUSED_VARIABLE = YES;
				IPHONEOS_DEPLOYMENT_TARGET = 7.0;
				ONLY_ACTIVE_ARCH = YES;
				SDKROOT = iphoneos;
			};
			name = Debug;
		};
		D0DA22801815AC710081399E /* Release */ = {
			isa = XCBuildConfiguration;
			buildSettings = {
				ALWAYS_SEARCH_USER_PATHS = NO;
				CLANG_CXX_LANGUAGE_STANDARD = "gnu++0x";
				CLANG_CXX_LIBRARY = "libc++";
				CLANG_ENABLE_MODULES = YES;
				CLANG_ENABLE_OBJC_ARC = YES;
				CLANG_WARN_BOOL_CONVERSION = YES;
				CLANG_WARN_CONSTANT_CONVERSION = YES;
				CLANG_WARN_DEPRECATED_OBJC_IMPLEMENTATIONS = YES;
				CLANG_WARN_DIRECT_OBJC_ISA_USAGE = YES_ERROR;
				CLANG_WARN_EMPTY_BODY = YES;
				CLANG_WARN_ENUM_CONVERSION = YES;
				CLANG_WARN_INT_CONVERSION = YES;
				CLANG_WARN_OBJC_IMPLICIT_RETAIN_SELF = YES;
				CLANG_WARN_OBJC_ROOT_CLASS = YES_ERROR;
				CLANG_WARN__DUPLICATE_METHOD_MATCH = YES;
				"CODE_SIGN_IDENTITY[sdk=iphoneos*]" = "iPhone Developer";
				COPY_PHASE_STRIP = YES;
				ENABLE_NS_ASSERTIONS = NO;
				GCC_C_LANGUAGE_STANDARD = gnu99;
				GCC_WARN_64_TO_32_BIT_CONVERSION = YES;
				GCC_WARN_ABOUT_MISSING_FIELD_INITIALIZERS = YES;
				GCC_WARN_ABOUT_MISSING_NEWLINE = YES;
				GCC_WARN_ABOUT_RETURN_TYPE = YES;
				GCC_WARN_CHECK_SWITCH_STATEMENTS = YES;
				GCC_WARN_INITIALIZER_NOT_FULLY_BRACKETED = YES;
				GCC_WARN_MISSING_PARENTHESES = YES;
				GCC_WARN_SHADOW = YES;
				GCC_WARN_SIGN_COMPARE = YES;
				GCC_WARN_TYPECHECK_CALLS_TO_PRINTF = YES;
				GCC_WARN_UNDECLARED_SELECTOR = YES;
				GCC_WARN_UNINITIALIZED_AUTOS = YES;
				GCC_WARN_UNUSED_FUNCTION = YES;
				GCC_WARN_UNUSED_LABEL = YES;
				GCC_WARN_UNUSED_VALUE = YES;
				GCC_WARN_UNUSED_VARIABLE = YES;
				IPHONEOS_DEPLOYMENT_TARGET = 7.0;
				SDKROOT = iphoneos;
				VALIDATE_PRODUCT = YES;
			};
			name = Release;
		};
		D0DA22821815AC710081399E /* Debug */ = {
			isa = XCBuildConfiguration;
			baseConfigurationReference = 6FD4D983BF7449B2B102CC08 /* Pods-StaticTableViewExample.xcconfig */;
			buildSettings = {
				ASSETCATALOG_COMPILER_APPICON_NAME = AppIcon;
				ASSETCATALOG_COMPILER_LAUNCHIMAGE_NAME = LaunchImage;
				GCC_PRECOMPILE_PREFIX_HEADER = YES;
				GCC_PREFIX_HEADER = "StaticTableViewExample/StaticTableViewExample-Prefix.pch";
				INFOPLIST_FILE = "StaticTableViewExample/StaticTableViewExample-Info.plist";
				PRODUCT_NAME = "$(TARGET_NAME)";
				WRAPPER_EXTENSION = app;
			};
			name = Debug;
		};
		D0DA22831815AC710081399E /* Release */ = {
			isa = XCBuildConfiguration;
			baseConfigurationReference = 6FD4D983BF7449B2B102CC08 /* Pods-StaticTableViewExample.xcconfig */;
			buildSettings = {
				ASSETCATALOG_COMPILER_APPICON_NAME = AppIcon;
				ASSETCATALOG_COMPILER_LAUNCHIMAGE_NAME = LaunchImage;
				GCC_PRECOMPILE_PREFIX_HEADER = YES;
				GCC_PREFIX_HEADER = "StaticTableViewExample/StaticTableViewExample-Prefix.pch";
				GCC_TREAT_WARNINGS_AS_ERRORS = YES;
				INFOPLIST_FILE = "StaticTableViewExample/StaticTableViewExample-Info.plist";
				PRODUCT_NAME = "$(TARGET_NAME)";
				WRAPPER_EXTENSION = app;
			};
			name = Release;
		};
/* End XCBuildConfiguration section */

/* Begin XCConfigurationList section */
		D044220D19658BE7005FD4FB /* Build configuration list for PBXNativeTarget "Tests" */ = {
			isa = XCConfigurationList;
			buildConfigurations = (
				D044220E19658BE7005FD4FB /* Debug */,
				D044220F19658BE7005FD4FB /* Release */,
			);
			defaultConfigurationIsVisible = 0;
			defaultConfigurationName = Release;
		};
		D0DA22501815AC700081399E /* Build configuration list for PBXProject "StaticTableViewExample" */ = {
			isa = XCConfigurationList;
			buildConfigurations = (
				D0DA227F1815AC710081399E /* Debug */,
				D0DA22801815AC710081399E /* Release */,
			);
			defaultConfigurationIsVisible = 0;
			defaultConfigurationName = Release;
		};
		D0DA22811815AC710081399E /* Build configuration list for PBXNativeTarget "StaticTableViewExample" */ = {
			isa = XCConfigurationList;
			buildConfigurations = (
				D0DA22821815AC710081399E /* Debug */,
				D0DA22831815AC710081399E /* Release */,
			);
			defaultConfigurationIsVisible = 0;
			defaultConfigurationName = Release;
		};
/* End XCConfigurationList section */
	};
	rootObject = D0DA224D1815AC700081399E /* Project object */;
}
